
Microsoft Visual Studio Solution File, Format Version 12.00
# Visual Studio 15
VisualStudioVersion = 15.0.27428.2005
MinimumVisualStudioVersion = 10.0.40219.1
Project("{FAE04EC0-301F-11D3-BF4B-00C04F79EFBC}") = "CakeHouse", "CakeHouse\CakeHouse.csproj", "{B0CC4309-CDE5-4112-95BE-F670F2309022}"
EndProject
Global
	GlobalSection(SolutionConfigurationPlatforms) = preSolution
		Debug|Any CPU = Debug|Any CPU
		Release|Any CPU = Release|Any CPU
	EndGlobalSection
	GlobalSection(ProjectConfigurationPlatforms) = postSolution
		{B0CC4309-CDE5-4112-95BE-F670F2309022}.Debug|Any CPU.ActiveCfg = Debug|Any CPU
		{B0CC4309-CDE5-4112-95BE-F670F2309022}.Debug|Any CPU.Build.0 = Debug|Any CPU
		{B0CC4309-CDE5-4112-95BE-F670F2309022}.Release|Any CPU.ActiveCfg = Release|Any CPU
		{B0CC4309-CDE5-4112-95BE-F670F2309022}.Release|Any CPU.Build.0 = Release|Any CPU
	EndGlobalSection
	GlobalSection(SolutionProperties) = preSolution
		HideSolutionNode = FALSE
	EndGlobalSection
	GlobalSection(ExtensibilityGlobals) = postSolution
		SolutionGuid = {65041744-CF8A-4CD6-86D6-E55F859BBE14}
	EndGlobalSection
EndGlobal
